
Microsoft Visual Studio Solution File, Format Version 12.00
# Visual Studio Version 16
VisualStudioVersion = 16.0.30309.148
MinimumVisualStudioVersion = 10.0.40219.1
Project("{FAE04EC0-301F-11D3-BF4B-00C04F79EFBC}") = "Mk4", "Mk4\Mk4.csproj", "{12FB2280-FCF7-43A0-93B2-37B553DAF79F}"
EndProject
Global
	GlobalSection(SolutionConfigurationPlatforms) = preSolution
		Debug|Any CPU = Debug|Any CPU
		Release|Any CPU = Release|Any CPU
	EndGlobalSection
	GlobalSection(ProjectConfigurationPlatforms) = postSolution
		{12FB2280-FCF7-43A0-93B2-37B553DAF79F}.Debug|Any CPU.ActiveCfg = Debug|Any CPU
		{12FB2280-FCF7-43A0-93B2-37B553DAF79F}.Debug|Any CPU.Build.0 = Debug|Any CPU
		{12FB2280-FCF7-43A0-93B2-37B553DAF79F}.Release|Any CPU.ActiveCfg = Release|Any CPU
		{12FB2280-FCF7-43A0-93B2-37B553DAF79F}.Release|Any CPU.Build.0 = Release|Any CPU
	EndGlobalSection
	GlobalSection(SolutionProperties) = preSolution
		HideSolutionNode = FALSE
	EndGlobalSection
	GlobalSection(ExtensibilityGlobals) = postSolution
		SolutionGuid = {B9832E43-3CBB-459F-A109-83BD9C7C5B64}
	EndGlobalSection
EndGlobal
